Microsoft Visual Studio Solution File, Format Version 12.00
# Visual Studio Version 17
VisualStudioVersion = 17.0.31903.59
MinimumVisualStudioVersion = 10.0.40219.1
Project("{FAE04EC0-301F-11D3-BF4B-00C04F79EFBC}") = "Tacc.Site", "Tacc.Site\Tacc.Site.csproj", "{D1493E3B-5649-49C8-9F6E-47010E44812E}"
EndProject
Project("{FAE04EC0-301F-11D3-BF4B-00C04F79EFBC}") = "Tacc.Api", "api\Tacc.Api.csproj", "{8D596097-1FD5-43C7-B80C-899F5F026E82}"
EndProject
Global
	GlobalSection(SolutionConfigurationPlatforms) = preSolution
		Debug|Any CPU = Debug|Any CPU
		Release|Any CPU = Release|Any CPU
	EndGlobalSection
	GlobalSection(ProjectConfigurationPlatforms) = postSolution
		{D1493E3B-5649-49C8-9F6E-47010E44812E}.Debug|Any CPU.ActiveCfg = Debug|Any CPU
		{D1493E3B-5649-49C8-9F6E-47010E44812E}.Debug|Any CPU.Build.0 = Debug|Any CPU
		{D1493E3B-5649-49C8-9F6E-47010E44812E}.Release|Any CPU.ActiveCfg = Release|Any CPU
		{D1493E3B-5649-49C8-9F6E-47010E44812E}.Release|Any CPU.Build.0 = Release|Any CPU
		{8D596097-1FD5-43C7-B80C-899F5F026E82}.Debug|Any CPU.ActiveCfg = Debug|Any CPU
		{8D596097-1FD5-43C7-B80C-899F5F026E82}.Debug|Any CPU.Build.0 = Debug|Any CPU
		{8D596097-1FD5-43C7-B80C-899F5F026E82}.Release|Any CPU.ActiveCfg = Release|Any CPU
		{8D596097-1FD5-43C7-B80C-899F5F026E82}.Release|Any CPU.Build.0 = Release|Any CPU
	EndGlobalSection
	GlobalSection(SolutionProperties) = preSolution
		HideSolutionNode = FALSE
	EndGlobalSection
EndGlobal
